// !$*UTF8*$!
{
	archiveVersion = 1;
	classes = {
	};
	objectVersion = 55;
	objects = {

/* Begin PBXBuildFile section */
		523BEC4B27C102A900970FAA /* DownloadProgessView.swift in Sources */ = {isa = PBXBuildFile; fileRef = 523BEC4A27C102A900970FAA /* DownloadProgessView.swift */; };
		526812D227CCBE9C00E93AF5 /* LoginHeader.swift in Sources */ = {isa = PBXBuildFile; fileRef = 526812D127CCBE9C00E93AF5 /* LoginHeader.swift */; };
		526812D627CCE93300E93AF5 /* ResetPasswordForm.swift in Sources */ = {isa = PBXBuildFile; fileRef = 526812D527CCE93300E93AF5 /* ResetPasswordForm.swift */; };
		526812D827CCEF9B00E93AF5 /* LoginViewModel.swift in Sources */ = {isa = PBXBuildFile; fileRef = 526812D727CCEF9B00E93AF5 /* LoginViewModel.swift */; };
		52696A1D27BD12AB00EA370E /* ngmobileApp.swift in Sources */ = {isa = PBXBuildFile; fileRef = 52696A1C27BD12AB00EA370E /* ngmobileApp.swift */; };
		52696A1F27BD12AB00EA370E /* ContentView.swift in Sources */ = {isa = PBXBuildFile; fileRef = 52696A1E27BD12AB00EA370E /* ContentView.swift */; };
		52696A2127BD12AD00EA370E /* Assets.xcassets in Resources */ = {isa = PBXBuildFile; fileRef = 52696A2027BD12AD00EA370E /* Assets.xcassets */; };
		52696A2427BD12AD00EA370E /* Preview Assets.xcassets in Resources */ = {isa = PBXBuildFile; fileRef = 52696A2327BD12AD00EA370E /* Preview Assets.xcassets */; };
		52696A2F27BD140000EA370E /* Member.swift in Sources */ = {isa = PBXBuildFile; fileRef = 52696A2E27BD140000EA370E /* Member.swift */; };
		52696A3227BD175000EA370E /* FirebaseAuth in Frameworks */ = {isa = PBXBuildFile; productRef = 52696A3127BD175000EA370E /* FirebaseAuth */; };
		52696A3427BD175000EA370E /* FirebaseFirestore in Frameworks */ = {isa = PBXBuildFile; productRef = 52696A3327BD175000EA370E /* FirebaseFirestore */; };
		52696A3627BD175000EA370E /* FirebaseStorage in Frameworks */ = {isa = PBXBuildFile; productRef = 52696A3527BD175000EA370E /* FirebaseStorage */; };
		52696A3827BD178700EA370E /* Post.swift in Sources */ = {isa = PBXBuildFile; fileRef = 52696A3727BD178700EA370E /* Post.swift */; };
		52696A3A27BD199300EA370E /* HomeView.swift in Sources */ = {isa = PBXBuildFile; fileRef = 52696A3927BD199300EA370E /* HomeView.swift */; };
		52696A3C27BD1BEB00EA370E /* GoogleService-Info.plist in Resources */ = {isa = PBXBuildFile; fileRef = 52696A3B27BD1BEB00EA370E /* GoogleService-Info.plist */; };
		52696A3E27BD1DD300EA370E /* PostListView.swift in Sources */ = {isa = PBXBuildFile; fileRef = 52696A3D27BD1DD300EA370E /* PostListView.swift */; };
		52696A4027BD1DE600EA370E /* AccountView.swift in Sources */ = {isa = PBXBuildFile; fileRef = 52696A3F27BD1DE600EA370E /* AccountView.swift */; };
		52696A4227BD222500EA370E /* PostViewModel.swift in Sources */ = {isa = PBXBuildFile; fileRef = 52696A4127BD222500EA370E /* PostViewModel.swift */; };
		52696A4427BD24A600EA370E /* PostRow.swift in Sources */ = {isa = PBXBuildFile; fileRef = 52696A4327BD24A600EA370E /* PostRow.swift */; };
		52696A4627BE651600EA370E /* PostDetail.swift in Sources */ = {isa = PBXBuildFile; fileRef = 52696A4527BE651500EA370E /* PostDetail.swift */; };
/* End PBXBuildFile section */

/* Begin PBXFileReference section */
		523BEC4A27C102A900970FAA /* DownloadProgessView.swift */ = {isa = PBXFileReference; lastKnownFileType = sourcecode.swift; path = DownloadProgessView.swift; sourceTree = "<group>"; };
		526812D127CCBE9C00E93AF5 /* LoginHeader.swift */ = {isa = PBXFileReference; lastKnownFileType = sourcecode.swift; path = LoginHeader.swift; sourceTree = "<group>"; };
		526812D527CCE93300E93AF5 /* ResetPasswordForm.swift */ = {isa = PBXFileReference; lastKnownFileType = sourcecode.swift; path = ResetPasswordForm.swift; sourceTree = "<group>"; };
		526812D727CCEF9B00E93AF5 /* LoginViewModel.swift */ = {isa = PBXFileReference; lastKnownFileType = sourcecode.swift; path = LoginViewModel.swift; sourceTree = "<group>"; };
		52696A1927BD12AB00EA370E /* ngmobile.app */ = {isa = PBXFileReference; explicitFileType = wrapper.application; includeInIndex = 0; path = ngmobile.app; sourceTree = BUILT_PRODUCTS_DIR; };
		52696A1C27BD12AB00EA370E /* ngmobileApp.swift */ = {isa = PBXFileReference; lastKnownFileType = sourcecode.swift; path = ngmobileApp.swift; sourceTree = "<group>"; };
		52696A1E27BD12AB00EA370E /* ContentView.swift */ = {isa = PBXFileReference; lastKnownFileType = sourcecode.swift; path = ContentView.swift; sourceTree = "<group>"; };
		52696A2027BD12AD00EA370E /* Assets.xcassets */ = {isa = PBXFileReference; lastKnownFileType = folder.assetcatalog; path = Assets.xcassets; sourceTree = "<group>"; };
		52696A2327BD12AD00EA370E /* Preview Assets.xcassets */ = {isa = PBXFileReference; lastKnownFileType = folder.assetcatalog; path = "Preview Assets.xcassets"; sourceTree = "<group>"; };
		52696A2E27BD140000EA370E /* Member.swift */ = {isa = PBXFileReference; lastKnownFileType = sourcecode.swift; path = Member.swift; sourceTree = "<group>"; };
		52696A3727BD178700EA370E /* Post.swift */ = {isa = PBXFileReference; lastKnownFileType = sourcecode.swift; path = Post.swift; sourceTree = "<group>"; };
		52696A3927BD199300EA370E /* HomeView.swift */ = {isa = PBXFileReference; lastKnownFileType = sourcecode.swift; path = HomeView.swift; sourceTree = "<group>"; };
		52696A3B27BD1BEB00EA370E /* GoogleService-Info.plist */ = {isa = PBXFileReference; fileEncoding = 4; lastKnownFileType = text.plist.xml; path = "GoogleService-Info.plist"; sourceTree = "<group>"; };
		52696A3D27BD1DD300EA370E /* PostListView.swift */ = {isa = PBXFileReference; lastKnownFileType = sourcecode.swift; path = PostListView.swift; sourceTree = "<group>"; };
		52696A3F27BD1DE600EA370E /* AccountView.swift */ = {isa = PBXFileReference; lastKnownFileType = sourcecode.swift; path = AccountView.swift; sourceTree = "<group>"; };
		52696A4127BD222500EA370E /* PostViewModel.swift */ = {isa = PBXFileReference; lastKnownFileType = sourcecode.swift; path = PostViewModel.swift; sourceTree = "<group>"; };
		52696A4327BD24A600EA370E /* PostRow.swift */ = {isa = PBXFileReference; lastKnownFileType = sourcecode.swift; path = PostRow.swift; sourceTree = "<group>"; };
		52696A4527BE651500EA370E /* PostDetail.swift */ = {isa = PBXFileReference; lastKnownFileType = sourcecode.swift; path = PostDetail.swift; sourceTree = "<group>"; };
/* End PBXFileReference section */

/* Begin PBXFrameworksBuildPhase section */
		52696A1627BD12AB00EA370E /* Frameworks */ = {
			isa = PBXFrameworksBuildPhase;
			buildActionMask = 2147483647;
			files = (
				52696A3227BD175000EA370E /* FirebaseAuth in Frameworks */,
				52696A3427BD175000EA370E /* FirebaseFirestore in Frameworks */,
				52696A3627BD175000EA370E /* FirebaseStorage in Frameworks */,
			);
			runOnlyForDeploymentPostprocessing = 0;
		};
/* End PBXFrameworksBuildPhase section */

/* Begin PBXGroup section */
		52696A1027BD12AB00EA370E = {
			isa = PBXGroup;
			children = (
				52696A1B27BD12AB00EA370E /* ngmobile */,
				52696A1A27BD12AB00EA370E /* Products */,
			);
			sourceTree = "<group>";
		};
		52696A1A27BD12AB00EA370E /* Products */ = {
			isa = PBXGroup;
			children = (
				52696A1927BD12AB00EA370E /* ngmobile.app */,
			);
			name = Products;
			sourceTree = "<group>";
		};
		52696A1B27BD12AB00EA370E /* ngmobile */ = {
			isa = PBXGroup;
			children = (
				52696A1C27BD12AB00EA370E /* ngmobileApp.swift */,
				52696A2D27BD13EA00EA370E /* Resources */,
				52696A2C27BD13E100EA370E /* ViewModel */,
				52696A2B27BD13D300EA370E /* Model */,
				52696A2A27BD13C400EA370E /* Views */,
				52696A2027BD12AD00EA370E /* Assets.xcassets */,
				52696A3B27BD1BEB00EA370E /* GoogleService-Info.plist */,
				52696A2227BD12AD00EA370E /* Preview Content */,
			);
			path = ngmobile;
			sourceTree = "<group>";
		};
		52696A2227BD12AD00EA370E /* Preview Content */ = {
			isa = PBXGroup;
			children = (
				52696A2327BD12AD00EA370E /* Preview Assets.xcassets */,
			);
			path = "Preview Content";
			sourceTree = "<group>";
		};
		52696A2A27BD13C400EA370E /* Views */ = {
			isa = PBXGroup;
			children = (
				5271252D27C7A1F10057436A /* Login */,
				5269B35F27BF7EF500EF5EA0 /* Posts */,
				52696A1E27BD12AB00EA370E /* ContentView.swift */,
				52696A3927BD199300EA370E /* HomeView.swift */,
				52696A3F27BD1DE600EA370E /* AccountView.swift */,
			);
			path = Views;
			sourceTree = "<group>";
		};
		52696A2B27BD13D300EA370E /* Model */ = {
			isa = PBXGroup;
			children = (
				52696A2E27BD140000EA370E /* Member.swift */,
				52696A3727BD178700EA370E /* Post.swift */,
			);
			path = Model;
			sourceTree = "<group>";
		};
		52696A2C27BD13E100EA370E /* ViewModel */ = {
			isa = PBXGroup;
			children = (
				52696A4127BD222500EA370E /* PostViewModel.swift */,
				526812D727CCEF9B00E93AF5 /* LoginViewModel.swift */,
			);
			path = ViewModel;
			sourceTree = "<group>";
		};
		52696A2D27BD13EA00EA370E /* Resources */ = {
			isa = PBXGroup;
			children = (
				523BEC4A27C102A900970FAA /* DownloadProgessView.swift */,
			);
			path = Resources;
			sourceTree = "<group>";
		};
		5269B35F27BF7EF500EF5EA0 /* Posts */ = {
			isa = PBXGroup;
			children = (
				52696A3D27BD1DD300EA370E /* PostListView.swift */,
				52696A4327BD24A600EA370E /* PostRow.swift */,
				52696A4527BE651500EA370E /* PostDetail.swift */,
			);
			path = Posts;
			sourceTree = "<group>";
		};
		5271252D27C7A1F10057436A /* Login */ = {
			isa = PBXGroup;
			children = (
				526812D127CCBE9C00E93AF5 /* LoginHeader.swift */,
				526812D527CCE93300E93AF5 /* ResetPasswordForm.swift */,
			);
			path = Login;
			sourceTree = "<group>";
		};
/* End PBXGroup section */

/* Begin PBXNativeTarget section */
		52696A1827BD12AB00EA370E /* ngmobile */ = {
			isa = PBXNativeTarget;
			buildConfigurationList = 52696A2727BD12AD00EA370E /* Build configuration list for PBXNativeTarget "ngmobile" */;
			buildPhases = (
				52696A1527BD12AB00EA370E /* Sources */,
				52696A1627BD12AB00EA370E /* Frameworks */,
				52696A1727BD12AB00EA370E /* Resources */,
			);
			buildRules = (
			);
			dependencies = (
			);
			name = ngmobile;
			packageProductDependencies = (
				52696A3127BD175000EA370E /* FirebaseAuth */,
				52696A3327BD175000EA370E /* FirebaseFirestore */,
				52696A3527BD175000EA370E /* FirebaseStorage */,
			);
			productName = ngmobile;
			productReference = 52696A1927BD12AB00EA370E /* ngmobile.app */;
			productType = "com.apple.product-type.application";
		};
/* End PBXNativeTarget section */

/* Begin PBXProject section */
		52696A1127BD12AB00EA370E /* Project object */ = {
			isa = PBXProject;
			attributes = {
				BuildIndependentTargetsInParallel = 1;
				LastSwiftUpdateCheck = 1320;
				LastUpgradeCheck = 1320;
				TargetAttributes = {
					52696A1827BD12AB00EA370E = {
						CreatedOnToolsVersion = 13.2.1;
					};
				};
			};
			buildConfigurationList = 52696A1427BD12AB00EA370E /* Build configuration list for PBXProject "ngmobile" */;
			compatibilityVersion = "Xcode 13.0";
			developmentRegion = en;
			hasScannedForEncodings = 0;
			knownRegions = (
				en,
				Base,
			);
			mainGroup = 52696A1027BD12AB00EA370E;
			packageReferences = (
				52696A3027BD174F00EA370E /* XCRemoteSwiftPackageReference "firebase-ios-sdk" */,
			);
			productRefGroup = 52696A1A27BD12AB00EA370E /* Products */;
			projectDirPath = "";
			projectRoot = "";
			targets = (
				52696A1827BD12AB00EA370E /* ngmobile */,
			);
		};
/* End PBXProject section */

/* Begin PBXResourcesBuildPhase section */
		52696A1727BD12AB00EA370E /* Resources */ = {
			isa = PBXResourcesBuildPhase;
			buildActionMask = 2147483647;
			files = (
				52696A2427BD12AD00EA370E /* Preview Assets.xcassets in Resources */,
				52696A2127BD12AD00EA370E /* Assets.xcassets in Resources */,
				52696A3C27BD1BEB00EA370E /* GoogleService-Info.plist in Resources */,
			);
			runOnlyForDeploymentPostprocessing = 0;
		};
/* End PBXResourcesBuildPhase section */

/* Begin PBXSourcesBuildPhase section */
		52696A1527BD12AB00EA370E /* Sources */ = {
			isa = PBXSourcesBuildPhase;
			buildActionMask = 2147483647;
			files = (
				52696A4227BD222500EA370E /* PostViewModel.swift in Sources */,
				52696A1F27BD12AB00EA370E /* ContentView.swift in Sources */,
				52696A2F27BD140000EA370E /* Member.swift in Sources */,
				52696A1D27BD12AB00EA370E /* ngmobileApp.swift in Sources */,
				526812D627CCE93300E93AF5 /* ResetPasswordForm.swift in Sources */,
				52696A3A27BD199300EA370E /* HomeView.swift in Sources */,
				52696A4027BD1DE600EA370E /* AccountView.swift in Sources */,
				526812D827CCEF9B00E93AF5 /* LoginViewModel.swift in Sources */,
				52696A3E27BD1DD300EA370E /* PostListView.swift in Sources */,
				52696A4427BD24A600EA370E /* PostRow.swift in Sources */,
				52696A4627BE651600EA370E /* PostDetail.swift in Sources */,
				52696A3827BD178700EA370E /* Post.swift in Sources */,
				526812D227CCBE9C00E93AF5 /* LoginHeader.swift in Sources */,
				523BEC4B27C102A900970FAA /* DownloadProgessView.swift in Sources */,
			);
			runOnlyForDeploymentPostprocessing = 0;
		};
/* End PBXSourcesBuildPhase section */

/* Begin XCBuildConfiguration section */
		52696A2527BD12AD00EA370E /* Debug */ = {
			isa = XCBuildConfiguration;
			buildSettings = {
				ALWAYS_SEARCH_USER_PATHS = NO;
				CLANG_ANALYZER_NONNULL = YES;
				CLANG_ANALYZER_NUMBER_OBJECT_CONVERSION = YES_AGGRESSIVE;
				CLANG_CXX_LANGUAGE_STANDARD = "gnu++17";
				CLANG_CXX_LIBRARY = "libc++";
				CLANG_ENABLE_MODULES = YES;
				CLANG_ENABLE_OBJC_ARC = YES;
				CLANG_ENABLE_OBJC_WEAK = YES;
				CLANG_WARN_BLOCK_CAPTURE_AUTORELEASING = YES;
				CLANG_WARN_BOOL_CONVERSION = YES;
				CLANG_WARN_COMMA = YES;
				CLANG_WARN_CONSTANT_CONVERSION = YES;
				CLANG_WARN_DEPRECATED_OBJC_IMPLEMENTATIONS = YES;
				CLANG_WARN_DIRECT_OBJC_ISA_USAGE = YES_ERROR;
				CLANG_WARN_DOCUMENTATION_COMMENTS = YES;
				CLANG_WARN_EMPTY_BODY = YES;
				CLANG_WARN_ENUM_CONVERSION = YES;
				CLANG_WARN_INFINITE_RECURSION = YES;
				CLANG_WARN_INT_CONVERSION = YES;
				CLANG_WARN_NON_LITERAL_NULL_CONVERSION = YES;
				CLANG_WARN_OBJC_IMPLICIT_RETAIN_SELF = YES;
				CLANG_WARN_OBJC_LITERAL_CONVERSION = YES;
				CLANG_WARN_OBJC_ROOT_CLASS = YES_ERROR;
				CLANG_WARN_QUOTED_INCLUDE_IN_FRAMEWORK_HEADER = YES;
				CLANG_WARN_RANGE_LOOP_ANALYSIS = YES;
				CLANG_WARN_STRICT_PROTOTYPES = YES;
				CLANG_WARN_SUSPICIOUS_MOVE = YES;
				CLANG_WARN_UNGUARDED_AVAILABILITY = YES_AGGRESSIVE;
				CLANG_WARN_UNREACHABLE_CODE = YES;
				CLANG_WARN__DUPLICATE_METHOD_MATCH = YES;
				COPY_PHASE_STRIP = NO;
				DEBUG_INFORMATION_FORMAT = dwarf;
				ENABLE_STRICT_OBJC_MSGSEND = YES;
				ENABLE_TESTABILITY = YES;
				GCC_C_LANGUAGE_STANDARD = gnu11;
				GCC_DYNAMIC_NO_PIC = NO;
				GCC_NO_COMMON_BLOCKS = YES;
				GCC_OPTIMIZATION_LEVEL = 0;
				GCC_PREPROCESSOR_DEFINITIONS = (
					"DEBUG=1",
					"$(inherited)",
				);
				GCC_WARN_64_TO_32_BIT_CONVERSION = YES;
				GCC_WARN_ABOUT_RETURN_TYPE = YES_ERROR;
				GCC_WARN_UNDECLARED_SELECTOR = YES;
				GCC_WARN_UNINITIALIZED_AUTOS = YES_AGGRESSIVE;
				GCC_WARN_UNUSED_FUNCTION = YES;
				GCC_WARN_UNUSED_VARIABLE = YES;
				IPHONEOS_DEPLOYMENT_TARGET = 15.2;
				MTL_ENABLE_DEBUG_INFO = INCLUDE_SOURCE;
				MTL_FAST_MATH = YES;
				ONLY_ACTIVE_ARCH = YES;
				SDKROOT = iphoneos;
				SWIFT_ACTIVE_COMPILATION_CONDITIONS = DEBUG;
				SWIFT_OPTIMIZATION_LEVEL = "-Onone";
			};
			name = Debug;
		};
		52696A2627BD12AD00EA370E /* Release */ = {
			isa = XCBuildConfiguration;
			buildSettings = {
				ALWAYS_SEARCH_USER_PATHS = NO;
				CLANG_ANALYZER_NONNULL = YES;
				CLANG_ANALYZER_NUMBER_OBJECT_CONVERSION = YES_AGGRESSIVE;
				CLANG_CXX_LANGUAGE_STANDARD = "gnu++17";
				CLANG_CXX_LIBRARY = "libc++";
				CLANG_ENABLE_MODULES = YES;
				CLANG_ENABLE_OBJC_ARC = YES;
				CLANG_ENABLE_OBJC_WEAK = YES;
				CLANG_WARN_BLOCK_CAPTURE_AUTORELEASING = YES;
				CLANG_WARN_BOOL_CONVERSION = YES;
				CLANG_WARN_COMMA = YES;
				CLANG_WARN_CONSTANT_CONVERSION = YES;
				CLANG_WARN_DEPRECATED_OBJC_IMPLEMENTATIONS = YES;
				CLANG_WARN_DIRECT_OBJC_ISA_USAGE = YES_ERROR;
				CLANG_WARN_DOCUMENTATION_COMMENTS = YES;
				CLANG_WARN_EMPTY_BODY = YES;
				CLANG_WARN_ENUM_CONVERSION = YES;
				CLANG_WARN_INFINITE_RECURSION = YES;
				CLANG_WARN_INT_CONVERSION = YES;
				CLANG_WARN_NON_LITERAL_NULL_CONVERSION = YES;
				CLANG_WARN_OBJC_IMPLICIT_RETAIN_SELF = YES;
				CLANG_WARN_OBJC_LITERAL_CONVERSION = YES;
				CLANG_WARN_OBJC_ROOT_CLASS = YES_ERROR;
				CLANG_WARN_QUOTED_INCLUDE_IN_FRAMEWORK_HEADER = YES;
				CLANG_WARN_RANGE_LOOP_ANALYSIS = YES;
				CLANG_WARN_STRICT_PROTOTYPES = YES;
				CLANG_WARN_SUSPICIOUS_MOVE = YES;
				CLANG_WARN_UNGUARDED_AVAILABILITY = YES_AGGRESSIVE;
				CLANG_WARN_UNREACHABLE_CODE = YES;
				CLANG_WARN__DUPLICATE_METHOD_MATCH = YES;
				COPY_PHASE_STRIP = NO;
				DEBUG_INFORMATION_FORMAT = "dwarf-with-dsym";
				ENABLE_NS_ASSERTIONS = NO;
				ENABLE_STRICT_OBJC_MSGSEND = YES;
				GCC_C_LANGUAGE_STANDARD = gnu11;
				GCC_NO_COMMON_BLOCKS = YES;
				GCC_WARN_64_TO_32_BIT_CONVERSION = YES;
				GCC_WARN_ABOUT_RETURN_TYPE = YES_ERROR;
				GCC_WARN_UNDECLARED_SELECTOR = YES;
				GCC_WARN_UNINITIALIZED_AUTOS = YES_AGGRESSIVE;
				GCC_WARN_UNUSED_FUNCTION = YES;
				GCC_WARN_UNUSED_VARIABLE = YES;
				IPHONEOS_DEPLOYMENT_TARGET = 15.2;
				MTL_ENABLE_DEBUG_INFO = NO;
				MTL_FAST_MATH = YES;
				SDKROOT = iphoneos;
				SWIFT_COMPILATION_MODE = wholemodule;
				SWIFT_OPTIMIZATION_LEVEL = "-O";
				VALIDATE_PRODUCT = YES;
			};
			name = Release;
		};
		52696A2827BD12AD00EA370E /* Debug */ = {
			isa = XCBuildConfiguration;
			buildSettings = {
				ASSETCATALOG_COMPILER_APPICON_NAME = AppIcon;
				ASSETCATALOG_COMPILER_GLOBAL_ACCENT_COLOR_NAME = AccentColor;
				ASSETCATALOG_COMPILER_INCLUDE_ALL_APPICON_ASSETS = NO;
				CODE_SIGN_STYLE = Automatic;
				CURRENT_PROJECT_VERSION = 1;
				DEVELOPMENT_ASSET_PATHS = "\"ngmobile/Preview Content\"";
				ENABLE_PREVIEWS = YES;
				GENERATE_INFOPLIST_FILE = YES;
				INFOPLIST_KEY_UIApplicationSceneManifest_Generation = YES;
				INFOPLIST_KEY_UIApplicationSupportsIndirectInputEvents = YES;
				INFOPLIST_KEY_UILaunchScreen_Generation = YES;
				INFOPLIST_KEY_UIStatusBarHidden = YES;
				INFOPLIST_KEY_UISupportedInterfaceOrientations = UIInterfaceOrientationPortrait;
				INFOPLIST_KEY_UISupportedInterfaceOrientations_iPad = "UIInterfaceOrientationPortrait UIInterfaceOrientationPortraitUpsideDown UIInterfaceOrientationLandscapeLeft UIInterfaceOrientationLandscapeRight";
				INFOPLIST_KEY_UISupportedInterfaceOrientations_iPhone = "UIInterfaceOrientationPortrait UIInterfaceOrientationLandscapeLeft UIInterfaceOrientationLandscapeRight";
				LD_RUNPATH_SEARCH_PATHS = (
					"$(inherited)",
					"@executable_path/Frameworks",
				);
				MARKETING_VERSION = 1.0;
				PRODUCT_BUNDLE_IDENTIFIER = com.shyam.ngmobile;
				PRODUCT_NAME = "$(TARGET_NAME)";
				SWIFT_EMIT_LOC_STRINGS = YES;
				SWIFT_VERSION = 5.0;
				TARGETED_DEVICE_FAMILY = 1;
			};
			name = Debug;
		};
		52696A2927BD12AD00EA370E /* Release */ = {
			isa = XCBuildConfiguration;
			buildSettings = {
				ASSETCATALOG_COMPILER_APPICON_NAME = AppIcon;
				ASSETCATALOG_COMPILER_GLOBAL_ACCENT_COLOR_NAME = AccentColor;
				ASSETCATALOG_COMPILER_INCLUDE_ALL_APPICON_ASSETS = NO;
				CODE_SIGN_STYLE = Automatic;
				CURRENT_PROJECT_VERSION = 1;
				DEVELOPMENT_ASSET_PATHS = "\"ngmobile/Preview Content\"";
				ENABLE_PREVIEWS = YES;
				GENERATE_INFOPLIST_FILE = YES;
				INFOPLIST_KEY_UIApplicationSceneManifest_Generation = YES;
				INFOPLIST_KEY_UIApplicationSupportsIndirectInputEvents = YES;
				INFOPLIST_KEY_UILaunchScreen_Generation = YES;
				INFOPLIST_KEY_UIStatusBarHidden = YES;
				INFOPLIST_KEY_UISupportedInterfaceOrientations = UIInterfaceOrientationPortrait;
				INFOPLIST_KEY_UISupportedInterfaceOrientations_iPad = "UIInterfaceOrientationPortrait UIInterfaceOrientationPortraitUpsideDown UIInterfaceOrientationLandscapeLeft UIInterfaceOrientationLandscapeRight";
				INFOPLIST_KEY_UISupportedInterfaceOrientations_iPhone = "UIInterfaceOrientationPortrait UIInterfaceOrientationLandscapeLeft UIInterfaceOrientationLandscapeRight";
				LD_RUNPATH_SEARCH_PATHS = (
					"$(inherited)",
					"@executable_path/Frameworks",
				);
				MARKETING_VERSION = 1.0;
				PRODUCT_BUNDLE_IDENTIFIER = com.shyam.ngmobile;
				PRODUCT_NAME = "$(TARGET_NAME)";
				SWIFT_EMIT_LOC_STRINGS = YES;
				SWIFT_VERSION = 5.0;
				TARGETED_DEVICE_FAMILY = 1;
			};
			name = Release;
		};
/* End XCBuildConfiguration section */

/* Begin XCConfigurationList section */
		52696A1427BD12AB00EA370E /* Build configuration list for PBXProject "ngmobile" */ = {
			isa = XCConfigurationList;
			buildConfigurations = (
				52696A2527BD12AD00EA370E /* Debug */,
				52696A2627BD12AD00EA370E /* Release */,
			);
			defaultConfigurationIsVisible = 0;
			defaultConfigurationName = Release;
		};
		52696A2727BD12AD00EA370E /* Build configuration list for PBXNativeTarget "ngmobile" */ = {
			isa = XCConfigurationList;
			buildConfigurations = (
				52696A2827BD12AD00EA370E /* Debug */,
				52696A2927BD12AD00EA370E /* Release */,
			);
			defaultConfigurationIsVisible = 0;
			defaultConfigurationName = Release;
		};
/* End XCConfigurationList section */

/* Begin XCRemoteSwiftPackageReference section */
		52696A3027BD174F00EA370E /* XCRemoteSwiftPackageReference "firebase-ios-sdk" */ = {
			isa = XCRemoteSwiftPackageReference;
			repositoryURL = "https://github.com/firebase/firebase-ios-sdk";
			requirement = {
				kind = upToNextMajorVersion;
				minimumVersion = 8.0.0;
			};
		};
/* End XCRemoteSwiftPackageReference section */

/* Begin XCSwiftPackageProductDependency section */
		52696A3127BD175000EA370E /* FirebaseAuth */ = {
			isa = XCSwiftPackageProductDependency;
			package = 52696A3027BD174F00EA370E /* XCRemoteSwiftPackageReference "firebase-ios-sdk" */;
			productName = FirebaseAuth;
		};
		52696A3327BD175000EA370E /* FirebaseFirestore */ = {
			isa = XCSwiftPackageProductDependency;
			package = 52696A3027BD174F00EA370E /* XCRemoteSwiftPackageReference "firebase-ios-sdk" */;
			productName = FirebaseFirestore;
		};
		52696A3527BD175000EA370E /* FirebaseStorage */ = {
			isa = XCSwiftPackageProductDependency;
			package = 52696A3027BD174F00EA370E /* XCRemoteSwiftPackageReference "firebase-ios-sdk" */;
			productName = FirebaseStorage;
		};
/* End XCSwiftPackageProductDependency section */
	};
	rootObject = 52696A1127BD12AB00EA370E /* Project object */;
}
