// !$*UTF8*$!
{
	archiveVersion = 1;
	classes = {
	};
	objectVersion = 55;
	objects = {

/* Begin PBXBuildFile section */
		522E912F27D787CD0023B660 /* FirebaseManager.swift in Sources */ = {isa = PBXBuildFile; fileRef = 522E912E27D787CD0023B660 /* FirebaseManager.swift */; };
		525B727B27E863C1006385E1 /* StatementView.swift in Sources */ = {isa = PBXBuildFile; fileRef = 525B727A27E863C1006385E1 /* StatementView.swift */; };
		5297E83B27D5F2F30098744A /* NG_Mobile_AppApp.swift in Sources */ = {isa = PBXBuildFile; fileRef = 5297E83A27D5F2F30098744A /* NG_Mobile_AppApp.swift */; };
		5297E83D27D5F2F30098744A /* LoginView.swift in Sources */ = {isa = PBXBuildFile; fileRef = 5297E83C27D5F2F30098744A /* LoginView.swift */; };
		5297E83F27D5F2F50098744A /* Assets.xcassets in Resources */ = {isa = PBXBuildFile; fileRef = 5297E83E27D5F2F50098744A /* Assets.xcassets */; };
		5297E84227D5F2F50098744A /* Preview Assets.xcassets in Resources */ = {isa = PBXBuildFile; fileRef = 5297E84127D5F2F50098744A /* Preview Assets.xcassets */; };
		5297E84E27D60E990098744A /* HomeView.swift in Sources */ = {isa = PBXBuildFile; fileRef = 5297E84D27D60E990098744A /* HomeView.swift */; };
		5297E85127D6258A0098744A /* FirebaseAuth in Frameworks */ = {isa = PBXBuildFile; productRef = 5297E85027D6258A0098744A /* FirebaseAuth */; };
		5297E85327D6258A0098744A /* FirebaseFirestore in Frameworks */ = {isa = PBXBuildFile; productRef = 5297E85227D6258A0098744A /* FirebaseFirestore */; };
		5297E85527D6258A0098744A /* FirebaseStorage in Frameworks */ = {isa = PBXBuildFile; productRef = 5297E85427D6258A0098744A /* FirebaseStorage */; };
		5297E85727D639230098744A /* GoogleService-Info.plist in Resources */ = {isa = PBXBuildFile; fileRef = 5297E85627D639230098744A /* GoogleService-Info.plist */; };
		5297E85A27D63AF70098744A /* Member.swift in Sources */ = {isa = PBXBuildFile; fileRef = 5297E85927D63AF70098744A /* Member.swift */; };
		52AF396528325FBC0069A631 /* SwiftUIRefresh in Frameworks */ = {isa = PBXBuildFile; productRef = 52AF396428325FBC0069A631 /* SwiftUIRefresh */; };
		52B07F6127D9E211003673CC /* PostListView.swift in Sources */ = {isa = PBXBuildFile; fileRef = 52B07F6027D9E211003673CC /* PostListView.swift */; };
		52B07F6327D9E226003673CC /* AccountView.swift in Sources */ = {isa = PBXBuildFile; fileRef = 52B07F6227D9E226003673CC /* AccountView.swift */; };
		52B07F6527D9F813003673CC /* Post.swift in Sources */ = {isa = PBXBuildFile; fileRef = 52B07F6427D9F813003673CC /* Post.swift */; };
		52B07F6927D9F8E6003673CC /* PostRow.swift in Sources */ = {isa = PBXBuildFile; fileRef = 52B07F6827D9F8E6003673CC /* PostRow.swift */; };
		52B07F6B27D9F8F5003673CC /* PostDetail.swift in Sources */ = {isa = PBXBuildFile; fileRef = 52B07F6A27D9F8F5003673CC /* PostDetail.swift */; };
		52B07F6E27D9F9A4003673CC /* DownloadProgessView.swift in Sources */ = {isa = PBXBuildFile; fileRef = 52B07F6D27D9F9A4003673CC /* DownloadProgessView.swift */; };
		52CD002427E0699A00FB6001 /* PDFDocViewer.swift in Sources */ = {isa = PBXBuildFile; fileRef = 52CD002327E0699A00FB6001 /* PDFDocViewer.swift */; };
/* End PBXBuildFile section */

/* Begin PBXFileReference section */
		522E912E27D787CD0023B660 /* FirebaseManager.swift */ = {isa = PBXFileReference; lastKnownFileType = sourcecode.swift; path = FirebaseManager.swift; sourceTree = "<group>"; };
		525B727A27E863C1006385E1 /* StatementView.swift */ = {isa = PBXFileReference; lastKnownFileType = sourcecode.swift; path = StatementView.swift; sourceTree = "<group>"; };
		5297E83727D5F2F30098744A /* NG Mobile App.app */ = {isa = PBXFileReference; explicitFileType = wrapper.application; includeInIndex = 0; path = "NG Mobile App.app"; sourceTree = BUILT_PRODUCTS_DIR; };
		5297E83A27D5F2F30098744A /* NG_Mobile_AppApp.swift */ = {isa = PBXFileReference; lastKnownFileType = sourcecode.swift; path = NG_Mobile_AppApp.swift; sourceTree = "<group>"; };
		5297E83C27D5F2F30098744A /* LoginView.swift */ = {isa = PBXFileReference; lastKnownFileType = sourcecode.swift; path = LoginView.swift; sourceTree = "<group>"; };
		5297E83E27D5F2F50098744A /* Assets.xcassets */ = {isa = PBXFileReference; lastKnownFileType = folder.assetcatalog; path = Assets.xcassets; sourceTree = "<group>"; };
		5297E84127D5F2F50098744A /* Preview Assets.xcassets */ = {isa = PBXFileReference; lastKnownFileType = folder.assetcatalog; path = "Preview Assets.xcassets"; sourceTree = "<group>"; };
		5297E84D27D60E990098744A /* HomeView.swift */ = {isa = PBXFileReference; lastKnownFileType = sourcecode.swift; path = HomeView.swift; sourceTree = "<group>"; };
		5297E85627D639230098744A /* GoogleService-Info.plist */ = {isa = PBXFileReference; fileEncoding = 4; lastKnownFileType = text.plist.xml; path = "GoogleService-Info.plist"; sourceTree = "<group>"; };
		5297E85927D63AF70098744A /* Member.swift */ = {isa = PBXFileReference; lastKnownFileType = sourcecode.swift; path = Member.swift; sourceTree = "<group>"; };
		52B07F6027D9E211003673CC /* PostListView.swift */ = {isa = PBXFileReference; lastKnownFileType = sourcecode.swift; path = PostListView.swift; sourceTree = "<group>"; };
		52B07F6227D9E226003673CC /* AccountView.swift */ = {isa = PBXFileReference; lastKnownFileType = sourcecode.swift; path = AccountView.swift; sourceTree = "<group>"; };
		52B07F6427D9F813003673CC /* Post.swift */ = {isa = PBXFileReference; lastKnownFileType = sourcecode.swift; path = Post.swift; sourceTree = "<group>"; };
		52B07F6827D9F8E6003673CC /* PostRow.swift */ = {isa = PBXFileReference; lastKnownFileType = sourcecode.swift; path = PostRow.swift; sourceTree = "<group>"; };
		52B07F6A27D9F8F5003673CC /* PostDetail.swift */ = {isa = PBXFileReference; lastKnownFileType = sourcecode.swift; path = PostDetail.swift; sourceTree = "<group>"; };
		52B07F6D27D9F9A4003673CC /* DownloadProgessView.swift */ = {isa = PBXFileReference; lastKnownFileType = sourcecode.swift; path = DownloadProgessView.swift; sourceTree = "<group>"; };
		52CD002327E0699A00FB6001 /* PDFDocViewer.swift */ = {isa = PBXFileReference; lastKnownFileType = sourcecode.swift; path = PDFDocViewer.swift; sourceTree = "<group>"; };
/* End PBXFileReference section */

/* Begin PBXFrameworksBuildPhase section */
		5297E83427D5F2F20098744A /* Frameworks */ = {
			isa = PBXFrameworksBuildPhase;
			buildActionMask = 2147483647;
			files = (
				52AF396528325FBC0069A631 /* SwiftUIRefresh in Frameworks */,
				5297E85127D6258A0098744A /* FirebaseAuth in Frameworks */,
				5297E85327D6258A0098744A /* FirebaseFirestore in Frameworks */,
				5297E85527D6258A0098744A /* FirebaseStorage in Frameworks */,
			);
			runOnlyForDeploymentPostprocessing = 0;
		};
/* End PBXFrameworksBuildPhase section */

/* Begin PBXGroup section */
		522E912D27D787BD0023B660 /* Utils */ = {
			isa = PBXGroup;
			children = (
				522E912E27D787CD0023B660 /* FirebaseManager.swift */,
			);
			path = Utils;
			sourceTree = "<group>";
		};
		5297E82E27D5F2F20098744A = {
			isa = PBXGroup;
			children = (
				5297E83927D5F2F30098744A /* NG Mobile App */,
				5297E83827D5F2F30098744A /* Products */,
			);
			sourceTree = "<group>";
		};
		5297E83827D5F2F30098744A /* Products */ = {
			isa = PBXGroup;
			children = (
				5297E83727D5F2F30098744A /* NG Mobile App.app */,
			);
			name = Products;
			sourceTree = "<group>";
		};
		5297E83927D5F2F30098744A /* NG Mobile App */ = {
			isa = PBXGroup;
			children = (
				5297E83A27D5F2F30098744A /* NG_Mobile_AppApp.swift */,
				522E912D27D787BD0023B660 /* Utils */,
				5297E85827D63AE20098744A /* Model */,
				5297E84C27D60A1B0098744A /* Views */,
				5297E83E27D5F2F50098744A /* Assets.xcassets */,
				5297E85627D639230098744A /* GoogleService-Info.plist */,
				5297E84027D5F2F50098744A /* Preview Content */,
			);
			path = "NG Mobile App";
			sourceTree = "<group>";
		};
		5297E84027D5F2F50098744A /* Preview Content */ = {
			isa = PBXGroup;
			children = (
				5297E84127D5F2F50098744A /* Preview Assets.xcassets */,
			);
			path = "Preview Content";
			sourceTree = "<group>";
		};
		5297E84C27D60A1B0098744A /* Views */ = {
			isa = PBXGroup;
			children = (
				5297E83C27D5F2F30098744A /* LoginView.swift */,
				5297E84D27D60E990098744A /* HomeView.swift */,
				52B07F6C27D9F994003673CC /* Resources */,
				52B07F6727D9F8C4003673CC /* Account */,
				52B07F6627D9F8AC003673CC /* Post */,
			);
			path = Views;
			sourceTree = "<group>";
		};
		5297E85827D63AE20098744A /* Model */ = {
			isa = PBXGroup;
			children = (
				5297E85927D63AF70098744A /* Member.swift */,
				52B07F6427D9F813003673CC /* Post.swift */,
			);
			path = Model;
			sourceTree = "<group>";
		};
		52B07F6627D9F8AC003673CC /* Post */ = {
			isa = PBXGroup;
			children = (
				52B07F6027D9E211003673CC /* PostListView.swift */,
				52B07F6827D9F8E6003673CC /* PostRow.swift */,
				52B07F6A27D9F8F5003673CC /* PostDetail.swift */,
			);
			path = Post;
			sourceTree = "<group>";
		};
		52B07F6727D9F8C4003673CC /* Account */ = {
			isa = PBXGroup;
			children = (
				52B07F6227D9E226003673CC /* AccountView.swift */,
				525B727A27E863C1006385E1 /* StatementView.swift */,
			);
			path = Account;
			sourceTree = "<group>";
		};
		52B07F6C27D9F994003673CC /* Resources */ = {
			isa = PBXGroup;
			children = (
				52B07F6D27D9F9A4003673CC /* DownloadProgessView.swift */,
				52CD002327E0699A00FB6001 /* PDFDocViewer.swift */,
			);
			path = Resources;
			sourceTree = "<group>";
		};
/* End PBXGroup section */

/* Begin PBXNativeTarget section */
		5297E83627D5F2F20098744A /* NG Mobile App */ = {
			isa = PBXNativeTarget;
			buildConfigurationList = 5297E84527D5F2F50098744A /* Build configuration list for PBXNativeTarget "NG Mobile App" */;
			buildPhases = (
				5297E83327D5F2F20098744A /* Sources */,
				5297E83427D5F2F20098744A /* Frameworks */,
				5297E83527D5F2F20098744A /* Resources */,
			);
			buildRules = (
			);
			dependencies = (
			);
			name = "NG Mobile App";
			packageProductDependencies = (
				5297E85027D6258A0098744A /* FirebaseAuth */,
				5297E85227D6258A0098744A /* FirebaseFirestore */,
				5297E85427D6258A0098744A /* FirebaseStorage */,
				52AF396428325FBC0069A631 /* SwiftUIRefresh */,
			);
			productName = "NG Mobile App";
			productReference = 5297E83727D5F2F30098744A /* NG Mobile App.app */;
			productType = "com.apple.product-type.application";
		};
/* End PBXNativeTarget section */

/* Begin PBXProject section */
		5297E82F27D5F2F20098744A /* Project object */ = {
			isa = PBXProject;
			attributes = {
				BuildIndependentTargetsInParallel = 1;
				LastSwiftUpdateCheck = 1320;
				LastUpgradeCheck = 1320;
				TargetAttributes = {
					5297E83627D5F2F20098744A = {
						CreatedOnToolsVersion = 13.2.1;
					};
				};
			};
			buildConfigurationList = 5297E83227D5F2F20098744A /* Build configuration list for PBXProject "NG Mobile App" */;
			compatibilityVersion = "Xcode 13.0";
			developmentRegion = en;
			hasScannedForEncodings = 0;
			knownRegions = (
				en,
				Base,
			);
			mainGroup = 5297E82E27D5F2F20098744A;
			packageReferences = (
				5297E84F27D6258A0098744A /* XCRemoteSwiftPackageReference "firebase-ios-sdk" */,
				52AF396328325FBA0069A631 /* XCRemoteSwiftPackageReference "SwiftUIRefresh" */,
			);
			productRefGroup = 5297E83827D5F2F30098744A /* Products */;
			projectDirPath = "";
			projectRoot = "";
			targets = (
				5297E83627D5F2F20098744A /* NG Mobile App */,
			);
		};
/* End PBXProject section */

/* Begin PBXResourcesBuildPhase section */
		5297E83527D5F2F20098744A /* Resources */ = {
			isa = PBXResourcesBuildPhase;
			buildActionMask = 2147483647;
			files = (
				5297E84227D5F2F50098744A /* Preview Assets.xcassets in Resources */,
				5297E83F27D5F2F50098744A /* Assets.xcassets in Resources */,
				5297E85727D639230098744A /* GoogleService-Info.plist in Resources */,
			);
			runOnlyForDeploymentPostprocessing = 0;
		};
/* End PBXResourcesBuildPhase section */

/* Begin PBXSourcesBuildPhase section */
		5297E83327D5F2F20098744A /* Sources */ = {
			isa = PBXSourcesBuildPhase;
			buildActionMask = 2147483647;
			files = (
				5297E85A27D63AF70098744A /* Member.swift in Sources */,
				525B727B27E863C1006385E1 /* StatementView.swift in Sources */,
				522E912F27D787CD0023B660 /* FirebaseManager.swift in Sources */,
				52CD002427E0699A00FB6001 /* PDFDocViewer.swift in Sources */,
				5297E83D27D5F2F30098744A /* LoginView.swift in Sources */,
				52B07F6527D9F813003673CC /* Post.swift in Sources */,
				5297E83B27D5F2F30098744A /* NG_Mobile_AppApp.swift in Sources */,
				52B07F6327D9E226003673CC /* AccountView.swift in Sources */,
				52B07F6127D9E211003673CC /* PostListView.swift in Sources */,
				52B07F6927D9F8E6003673CC /* PostRow.swift in Sources */,
				52B07F6B27D9F8F5003673CC /* PostDetail.swift in Sources */,
				5297E84E27D60E990098744A /* HomeView.swift in Sources */,
				52B07F6E27D9F9A4003673CC /* DownloadProgessView.swift in Sources */,
			);
			runOnlyForDeploymentPostprocessing = 0;
		};
/* End PBXSourcesBuildPhase section */

/* Begin XCBuildConfiguration section */
		5297E84327D5F2F50098744A /* Debug */ = {
			isa = XCBuildConfiguration;
			buildSettings = {
				ALWAYS_SEARCH_USER_PATHS = NO;
				CLANG_ANALYZER_NONNULL = YES;
				CLANG_ANALYZER_NUMBER_OBJECT_CONVERSION = YES_AGGRESSIVE;
				CLANG_CXX_LANGUAGE_STANDARD = "gnu++17";
				CLANG_CXX_LIBRARY = "libc++";
				CLANG_ENABLE_MODULES = YES;
				CLANG_ENABLE_OBJC_ARC = YES;
				CLANG_ENABLE_OBJC_WEAK = YES;
				CLANG_WARN_BLOCK_CAPTURE_AUTORELEASING = YES;
				CLANG_WARN_BOOL_CONVERSION = YES;
				CLANG_WARN_COMMA = YES;
				CLANG_WARN_CONSTANT_CONVERSION = YES;
				CLANG_WARN_DEPRECATED_OBJC_IMPLEMENTATIONS = YES;
				CLANG_WARN_DIRECT_OBJC_ISA_USAGE = YES_ERROR;
				CLANG_WARN_DOCUMENTATION_COMMENTS = YES;
				CLANG_WARN_EMPTY_BODY = YES;
				CLANG_WARN_ENUM_CONVERSION = YES;
				CLANG_WARN_INFINITE_RECURSION = YES;
				CLANG_WARN_INT_CONVERSION = YES;
				CLANG_WARN_NON_LITERAL_NULL_CONVERSION = YES;
				CLANG_WARN_OBJC_IMPLICIT_RETAIN_SELF = YES;
				CLANG_WARN_OBJC_LITERAL_CONVERSION = YES;
				CLANG_WARN_OBJC_ROOT_CLASS = YES_ERROR;
				CLANG_WARN_QUOTED_INCLUDE_IN_FRAMEWORK_HEADER = YES;
				CLANG_WARN_RANGE_LOOP_ANALYSIS = YES;
				CLANG_WARN_STRICT_PROTOTYPES = YES;
				CLANG_WARN_SUSPICIOUS_MOVE = YES;
				CLANG_WARN_UNGUARDED_AVAILABILITY = YES_AGGRESSIVE;
				CLANG_WARN_UNREACHABLE_CODE = YES;
				CLANG_WARN__DUPLICATE_METHOD_MATCH = YES;
				COPY_PHASE_STRIP = NO;
				DEBUG_INFORMATION_FORMAT = dwarf;
				ENABLE_STRICT_OBJC_MSGSEND = YES;
				ENABLE_TESTABILITY = YES;
				GCC_C_LANGUAGE_STANDARD = gnu11;
				GCC_DYNAMIC_NO_PIC = NO;
				GCC_NO_COMMON_BLOCKS = YES;
				GCC_OPTIMIZATION_LEVEL = 0;
				GCC_PREPROCESSOR_DEFINITIONS = (
					"DEBUG=1",
					"$(inherited)",
				);
				GCC_WARN_64_TO_32_BIT_CONVERSION = YES;
				GCC_WARN_ABOUT_RETURN_TYPE = YES_ERROR;
				GCC_WARN_UNDECLARED_SELECTOR = YES;
				GCC_WARN_UNINITIALIZED_AUTOS = YES_AGGRESSIVE;
				GCC_WARN_UNUSED_FUNCTION = YES;
				GCC_WARN_UNUSED_VARIABLE = YES;
				IPHONEOS_DEPLOYMENT_TARGET = 15.2;
				MTL_ENABLE_DEBUG_INFO = INCLUDE_SOURCE;
				MTL_FAST_MATH = YES;
				ONLY_ACTIVE_ARCH = YES;
				SDKROOT = iphoneos;
				SWIFT_ACTIVE_COMPILATION_CONDITIONS = DEBUG;
				SWIFT_OPTIMIZATION_LEVEL = "-Onone";
			};
			name = Debug;
		};
		5297E84427D5F2F50098744A /* Release */ = {
			isa = XCBuildConfiguration;
			buildSettings = {
				ALWAYS_SEARCH_USER_PATHS = NO;
				CLANG_ANALYZER_NONNULL = YES;
				CLANG_ANALYZER_NUMBER_OBJECT_CONVERSION = YES_AGGRESSIVE;
				CLANG_CXX_LANGUAGE_STANDARD = "gnu++17";
				CLANG_CXX_LIBRARY = "libc++";
				CLANG_ENABLE_MODULES = YES;
				CLANG_ENABLE_OBJC_ARC = YES;
				CLANG_ENABLE_OBJC_WEAK = YES;
				CLANG_WARN_BLOCK_CAPTURE_AUTORELEASING = YES;
				CLANG_WARN_BOOL_CONVERSION = YES;
				CLANG_WARN_COMMA = YES;
				CLANG_WARN_CONSTANT_CONVERSION = YES;
				CLANG_WARN_DEPRECATED_OBJC_IMPLEMENTATIONS = YES;
				CLANG_WARN_DIRECT_OBJC_ISA_USAGE = YES_ERROR;
				CLANG_WARN_DOCUMENTATION_COMMENTS = YES;
				CLANG_WARN_EMPTY_BODY = YES;
				CLANG_WARN_ENUM_CONVERSION = YES;
				CLANG_WARN_INFINITE_RECURSION = YES;
				CLANG_WARN_INT_CONVERSION = YES;
				CLANG_WARN_NON_LITERAL_NULL_CONVERSION = YES;
				CLANG_WARN_OBJC_IMPLICIT_RETAIN_SELF = YES;
				CLANG_WARN_OBJC_LITERAL_CONVERSION = YES;
				CLANG_WARN_OBJC_ROOT_CLASS = YES_ERROR;
				CLANG_WARN_QUOTED_INCLUDE_IN_FRAMEWORK_HEADER = YES;
				CLANG_WARN_RANGE_LOOP_ANALYSIS = YES;
				CLANG_WARN_STRICT_PROTOTYPES = YES;
				CLANG_WARN_SUSPICIOUS_MOVE = YES;
				CLANG_WARN_UNGUARDED_AVAILABILITY = YES_AGGRESSIVE;
				CLANG_WARN_UNREACHABLE_CODE = YES;
				CLANG_WARN__DUPLICATE_METHOD_MATCH = YES;
				COPY_PHASE_STRIP = NO;
				DEBUG_INFORMATION_FORMAT = "dwarf-with-dsym";
				ENABLE_NS_ASSERTIONS = NO;
				ENABLE_STRICT_OBJC_MSGSEND = YES;
				GCC_C_LANGUAGE_STANDARD = gnu11;
				GCC_NO_COMMON_BLOCKS = YES;
				GCC_WARN_64_TO_32_BIT_CONVERSION = YES;
				GCC_WARN_ABOUT_RETURN_TYPE = YES_ERROR;
				GCC_WARN_UNDECLARED_SELECTOR = YES;
				GCC_WARN_UNINITIALIZED_AUTOS = YES_AGGRESSIVE;
				GCC_WARN_UNUSED_FUNCTION = YES;
				GCC_WARN_UNUSED_VARIABLE = YES;
				IPHONEOS_DEPLOYMENT_TARGET = 15.2;
				MTL_ENABLE_DEBUG_INFO = NO;
				MTL_FAST_MATH = YES;
				SDKROOT = iphoneos;
				SWIFT_COMPILATION_MODE = wholemodule;
				SWIFT_OPTIMIZATION_LEVEL = "-O";
				VALIDATE_PRODUCT = YES;
			};
			name = Release;
		};
		5297E84627D5F2F50098744A /* Debug */ = {
			isa = XCBuildConfiguration;
			buildSettings = {
				ASSETCATALOG_COMPILER_APPICON_NAME = AppIcon;
				ASSETCATALOG_COMPILER_GLOBAL_ACCENT_COLOR_NAME = AccentColor;
				CODE_SIGN_STYLE = Automatic;
				CURRENT_PROJECT_VERSION = 1;
				DEVELOPMENT_ASSET_PATHS = "\"NG Mobile App/Preview Content\"";
				ENABLE_PREVIEWS = YES;
				GENERATE_INFOPLIST_FILE = YES;
				INFOPLIST_KEY_UIApplicationSceneManifest_Generation = YES;
				INFOPLIST_KEY_UIApplicationSupportsIndirectInputEvents = YES;
				INFOPLIST_KEY_UILaunchScreen_Generation = YES;
				INFOPLIST_KEY_UIStatusBarHidden = YES;
				INFOPLIST_KEY_UISupportedInterfaceOrientations = UIInterfaceOrientationPortrait;
				INFOPLIST_KEY_UISupportedInterfaceOrientations_iPad = "UIInterfaceOrientationPortrait UIInterfaceOrientationPortraitUpsideDown UIInterfaceOrientationLandscapeLeft UIInterfaceOrientationLandscapeRight";
				INFOPLIST_KEY_UISupportedInterfaceOrientations_iPhone = "UIInterfaceOrientationPortrait UIInterfaceOrientationLandscapeLeft UIInterfaceOrientationLandscapeRight";
				LD_RUNPATH_SEARCH_PATHS = (
					"$(inherited)",
					"@executable_path/Frameworks",
				);
				MARKETING_VERSION = 1.0;
				PRODUCT_BUNDLE_IDENTIFIER = "com.shyam.NG-Mobile-App";
				PRODUCT_NAME = "$(TARGET_NAME)";
				SWIFT_EMIT_LOC_STRINGS = YES;
				SWIFT_VERSION = 5.0;
				TARGETED_DEVICE_FAMILY = 1;
			};
			name = Debug;
		};
		5297E84727D5F2F50098744A /* Release */ = {
			isa = XCBuildConfiguration;
			buildSettings = {
				ASSETCATALOG_COMPILER_APPICON_NAME = AppIcon;
				ASSETCATALOG_COMPILER_GLOBAL_ACCENT_COLOR_NAME = AccentColor;
				CODE_SIGN_STYLE = Automatic;
				CURRENT_PROJECT_VERSION = 1;
				DEVELOPMENT_ASSET_PATHS = "\"NG Mobile App/Preview Content\"";
				ENABLE_PREVIEWS = YES;
				GENERATE_INFOPLIST_FILE = YES;
				INFOPLIST_KEY_UIApplicationSceneManifest_Generation = YES;
				INFOPLIST_KEY_UIApplicationSupportsIndirectInputEvents = YES;
				INFOPLIST_KEY_UILaunchScreen_Generation = YES;
				INFOPLIST_KEY_UIStatusBarHidden = YES;
				INFOPLIST_KEY_UISupportedInterfaceOrientations = UIInterfaceOrientationPortrait;
				INFOPLIST_KEY_UISupportedInterfaceOrientations_iPad = "UIInterfaceOrientationPortrait UIInterfaceOrientationPortraitUpsideDown UIInterfaceOrientationLandscapeLeft UIInterfaceOrientationLandscapeRight";
				INFOPLIST_KEY_UISupportedInterfaceOrientations_iPhone = "UIInterfaceOrientationPortrait UIInterfaceOrientationLandscapeLeft UIInterfaceOrientationLandscapeRight";
				LD_RUNPATH_SEARCH_PATHS = (
					"$(inherited)",
					"@executable_path/Frameworks",
				);
				MARKETING_VERSION = 1.0;
				PRODUCT_BUNDLE_IDENTIFIER = "com.shyam.NG-Mobile-App";
				PRODUCT_NAME = "$(TARGET_NAME)";
				SWIFT_EMIT_LOC_STRINGS = YES;
				SWIFT_VERSION = 5.0;
				TARGETED_DEVICE_FAMILY = 1;
			};
			name = Release;
		};
/* End XCBuildConfiguration section */

/* Begin XCConfigurationList section */
		5297E83227D5F2F20098744A /* Build configuration list for PBXProject "NG Mobile App" */ = {
			isa = XCConfigurationList;
			buildConfigurations = (
				5297E84327D5F2F50098744A /* Debug */,
				5297E84427D5F2F50098744A /* Release */,
			);
			defaultConfigurationIsVisible = 0;
			defaultConfigurationName = Release;
		};
		5297E84527D5F2F50098744A /* Build configuration list for PBXNativeTarget "NG Mobile App" */ = {
			isa = XCConfigurationList;
			buildConfigurations = (
				5297E84627D5F2F50098744A /* Debug */,
				5297E84727D5F2F50098744A /* Release */,
			);
			defaultConfigurationIsVisible = 0;
			defaultConfigurationName = Release;
		};
/* End XCConfigurationList section */

/* Begin XCRemoteSwiftPackageReference section */
		5297E84F27D6258A0098744A /* XCRemoteSwiftPackageReference "firebase-ios-sdk" */ = {
			isa = XCRemoteSwiftPackageReference;
			repositoryURL = "https://github.com/firebase/firebase-ios-sdk";
			requirement = {
				kind = upToNextMajorVersion;
				minimumVersion = 8.0.0;
			};
		};
		52AF396328325FBA0069A631 /* XCRemoteSwiftPackageReference "SwiftUIRefresh" */ = {
			isa = XCRemoteSwiftPackageReference;
			repositoryURL = "https://github.com/timbersoftware/SwiftUIRefresh.git";
			requirement = {
				kind = upToNextMajorVersion;
				minimumVersion = 0.0.3;
			};
		};
/* End XCRemoteSwiftPackageReference section */

/* Begin XCSwiftPackageProductDependency section */
		5297E85027D6258A0098744A /* FirebaseAuth */ = {
			isa = XCSwiftPackageProductDependency;
			package = 5297E84F27D6258A0098744A /* XCRemoteSwiftPackageReference "firebase-ios-sdk" */;
			productName = FirebaseAuth;
		};
		5297E85227D6258A0098744A /* FirebaseFirestore */ = {
			isa = XCSwiftPackageProductDependency;
			package = 5297E84F27D6258A0098744A /* XCRemoteSwiftPackageReference "firebase-ios-sdk" */;
			productName = FirebaseFirestore;
		};
		5297E85427D6258A0098744A /* FirebaseStorage */ = {
			isa = XCSwiftPackageProductDependency;
			package = 5297E84F27D6258A0098744A /* XCRemoteSwiftPackageReference "firebase-ios-sdk" */;
			productName = FirebaseStorage;
		};
		52AF396428325FBC0069A631 /* SwiftUIRefresh */ = {
			isa = XCSwiftPackageProductDependency;
			package = 52AF396328325FBA0069A631 /* XCRemoteSwiftPackageReference "SwiftUIRefresh" */;
			productName = SwiftUIRefresh;
		};
/* End XCSwiftPackageProductDependency section */
	};
	rootObject = 5297E82F27D5F2F20098744A /* Project object */;
}
